// !$*UTF8*$!
{
	archiveVersion = 1;
	classes = {
	};
	objectVersion = 50;
	objects = {

/* Begin PBXBuildFile section */
		5934E13524A8E70000C95D2C /* AppDelegate.swift in Sources */ = {isa = PBXBuildFile; fileRef = 5934E13424A8E70000C95D2C /* AppDelegate.swift */; };
		5934E13724A8E70000C95D2C /* SceneDelegate.swift in Sources */ = {isa = PBXBuildFile; fileRef = 5934E13624A8E70000C95D2C /* SceneDelegate.swift */; };
		5934E13924A8E70000C95D2C /* ContentView.swift in Sources */ = {isa = PBXBuildFile; fileRef = 5934E13824A8E70000C95D2C /* ContentView.swift */; };
		5934E13B24A8E70200C95D2C /* Assets.xcassets in Resources */ = {isa = PBXBuildFile; fileRef = 5934E13A24A8E70200C95D2C /* Assets.xcassets */; };
		5934E13E24A8E70200C95D2C /* Preview Assets.xcassets in Resources */ = {isa = PBXBuildFile; fileRef = 5934E13D24A8E70200C95D2C /* Preview Assets.xcassets */; };
		5934E14124A8E70200C95D2C /* LaunchScreen.storyboard in Resources */ = {isa = PBXBuildFile; fileRef = 5934E13F24A8E70200C95D2C /* LaunchScreen.storyboard */; };
		5934E14F24A8E73200C95D2C /* AppDelegate.swift in Sources */ = {isa = PBXBuildFile; fileRef = 5934E14E24A8E73200C95D2C /* AppDelegate.swift */; };
		5934E15124A8E73200C95D2C /* ContentView.swift in Sources */ = {isa = PBXBuildFile; fileRef = 5934E15024A8E73200C95D2C /* ContentView.swift */; };
		5934E15324A8E73200C95D2C /* Assets.xcassets in Resources */ = {isa = PBXBuildFile; fileRef = 5934E15224A8E73200C95D2C /* Assets.xcassets */; };
		5934E15624A8E73200C95D2C /* Preview Assets.xcassets in Resources */ = {isa = PBXBuildFile; fileRef = 5934E15524A8E73200C95D2C /* Preview Assets.xcassets */; };
		5934E15924A8E73200C95D2C /* Main.storyboard in Resources */ = {isa = PBXBuildFile; fileRef = 5934E15724A8E73200C95D2C /* Main.storyboard */; };
		E18D769A24AB2271005A87EA /* NetwokingService.swift in Sources */ = {isa = PBXBuildFile; fileRef = E18D769924AB2271005A87EA /* NetwokingService.swift */; };
		E18D769B24AB2271005A87EA /* NetwokingService.swift in Sources */ = {isa = PBXBuildFile; fileRef = E18D769924AB2271005A87EA /* NetwokingService.swift */; };
		E18D769D24AC4269005A87EA /* APIService.swift in Sources */ = {isa = PBXBuildFile; fileRef = E18D769C24AC4269005A87EA /* APIService.swift */; };
		E18D769E24AC4269005A87EA /* APIService.swift in Sources */ = {isa = PBXBuildFile; fileRef = E18D769C24AC4269005A87EA /* APIService.swift */; };
		E18D76A424AC43EA005A87EA /* NetwokingError.swift in Sources */ = {isa = PBXBuildFile; fileRef = E18D76A324AC43EA005A87EA /* NetwokingError.swift */; };
		E18D76A524AC43EA005A87EA /* NetwokingError.swift in Sources */ = {isa = PBXBuildFile; fileRef = E18D76A324AC43EA005A87EA /* NetwokingError.swift */; };
		E1D222FA24AC8EA7004DB041 /* AccountRemoteAccessor.swift in Sources */ = {isa = PBXBuildFile; fileRef = E1D222F924AC8EA7004DB041 /* AccountRemoteAccessor.swift */; };
		E1D222FB24AC8EA7004DB041 /* AccountRemoteAccessor.swift in Sources */ = {isa = PBXBuildFile; fileRef = E1D222F924AC8EA7004DB041 /* AccountRemoteAccessor.swift */; };
		E1D222FE24AC8F22004DB041 /* Account.swift in Sources */ = {isa = PBXBuildFile; fileRef = E1D222FD24AC8F22004DB041 /* Account.swift */; };
		E1D222FF24AC8F22004DB041 /* Account.swift in Sources */ = {isa = PBXBuildFile; fileRef = E1D222FD24AC8F22004DB041 /* Account.swift */; };
		E1D2230124AC8FAD004DB041 /* AccountAPI.swift in Sources */ = {isa = PBXBuildFile; fileRef = E1D2230024AC8FAD004DB041 /* AccountAPI.swift */; };
		E1D2230224AC8FAD004DB041 /* AccountAPI.swift in Sources */ = {isa = PBXBuildFile; fileRef = E1D2230024AC8FAD004DB041 /* AccountAPI.swift */; };
/* End PBXBuildFile section */

/* Begin PBXFileReference section */
		5934E13124A8E70000C95D2C /* MusicPlayer.app */ = {isa = PBXFileReference; explicitFileType = wrapper.application; includeInIndex = 0; path = MusicPlayer.app; sourceTree = BUILT_PRODUCTS_DIR; };
		5934E13424A8E70000C95D2C /* AppDelegate.swift */ = {isa = PBXFileReference; lastKnownFileType = sourcecode.swift; path = AppDelegate.swift; sourceTree = "<group>"; };
		5934E13624A8E70000C95D2C /* SceneDelegate.swift */ = {isa = PBXFileReference; lastKnownFileType = sourcecode.swift; path = SceneDelegate.swift; sourceTree = "<group>"; };
		5934E13824A8E70000C95D2C /* ContentView.swift */ = {isa = PBXFileReference; lastKnownFileType = sourcecode.swift; path = ContentView.swift; sourceTree = "<group>"; };
		5934E13A24A8E70200C95D2C /* Assets.xcassets */ = {isa = PBXFileReference; lastKnownFileType = folder.assetcatalog; path = Assets.xcassets; sourceTree = "<group>"; };
		5934E13D24A8E70200C95D2C /* Preview Assets.xcassets */ = {isa = PBXFileReference; lastKnownFileType = folder.assetcatalog; path = "Preview Assets.xcassets"; sourceTree = "<group>"; };
		5934E14024A8E70200C95D2C /* Base */ = {isa = PBXFileReference; lastKnownFileType = file.storyboard; name = Base; path = Base.lproj/LaunchScreen.storyboard; sourceTree = "<group>"; };
		5934E14224A8E70200C95D2C /* Info.plist */ = {isa = PBXFileReference; lastKnownFileType = text.plist.xml; path = Info.plist; sourceTree = "<group>"; };
		5934E14C24A8E73200C95D2C /* MusicPlayerForMac.app */ = {isa = PBXFileReference; explicitFileType = wrapper.application; includeInIndex = 0; path = MusicPlayerForMac.app; sourceTree = BUILT_PRODUCTS_DIR; };
		5934E14E24A8E73200C95D2C /* AppDelegate.swift */ = {isa = PBXFileReference; lastKnownFileType = sourcecode.swift; path = AppDelegate.swift; sourceTree = "<group>"; };
		5934E15024A8E73200C95D2C /* ContentView.swift */ = {isa = PBXFileReference; lastKnownFileType = sourcecode.swift; path = ContentView.swift; sourceTree = "<group>"; };
		5934E15224A8E73200C95D2C /* Assets.xcassets */ = {isa = PBXFileReference; lastKnownFileType = folder.assetcatalog; path = Assets.xcassets; sourceTree = "<group>"; };
		5934E15524A8E73200C95D2C /* Preview Assets.xcassets */ = {isa = PBXFileReference; lastKnownFileType = folder.assetcatalog; path = "Preview Assets.xcassets"; sourceTree = "<group>"; };
		5934E15824A8E73200C95D2C /* Base */ = {isa = PBXFileReference; lastKnownFileType = file.storyboard; name = Base; path = Base.lproj/Main.storyboard; sourceTree = "<group>"; };
		5934E15A24A8E73200C95D2C /* Info.plist */ = {isa = PBXFileReference; lastKnownFileType = text.plist.xml; path = Info.plist; sourceTree = "<group>"; };
		5934E15B24A8E73200C95D2C /* MusicPlayerForMac.entitlements */ = {isa = PBXFileReference; lastKnownFileType = text.plist.entitlements; path = MusicPlayerForMac.entitlements; sourceTree = "<group>"; };
		E18D769924AB2271005A87EA /* NetwokingService.swift */ = {isa = PBXFileReference; lastKnownFileType = sourcecode.swift; path = NetwokingService.swift; sourceTree = "<group>"; };
		E18D769C24AC4269005A87EA /* APIService.swift */ = {isa = PBXFileReference; lastKnownFileType = sourcecode.swift; path = APIService.swift; sourceTree = "<group>"; };
		E18D76A324AC43EA005A87EA /* NetwokingError.swift */ = {isa = PBXFileReference; lastKnownFileType = sourcecode.swift; path = NetwokingError.swift; sourceTree = "<group>"; };
		E1D222F924AC8EA7004DB041 /* AccountRemoteAccessor.swift */ = {isa = PBXFileReference; lastKnownFileType = sourcecode.swift; path = AccountRemoteAccessor.swift; sourceTree = "<group>"; };
		E1D222FD24AC8F22004DB041 /* Account.swift */ = {isa = PBXFileReference; lastKnownFileType = sourcecode.swift; path = Account.swift; sourceTree = "<group>"; };
		E1D2230024AC8FAD004DB041 /* AccountAPI.swift */ = {isa = PBXFileReference; lastKnownFileType = sourcecode.swift; path = AccountAPI.swift; sourceTree = "<group>"; };
/* End PBXFileReference section */

/* Begin PBXFrameworksBuildPhase section */
		5934E12E24A8E70000C95D2C /* Frameworks */ = {
			isa = PBXFrameworksBuildPhase;
			buildActionMask = 2147483647;
			files = (
			);
			runOnlyForDeploymentPostprocessing = 0;
		};
		5934E14924A8E73200C95D2C /* Frameworks */ = {
			isa = PBXFrameworksBuildPhase;
			buildActionMask = 2147483647;
			files = (
			);
			runOnlyForDeploymentPostprocessing = 0;
		};
/* End PBXFrameworksBuildPhase section */

/* Begin PBXGroup section */
		5934E12824A8E70000C95D2C = {
			isa = PBXGroup;
			children = (
				E18D768E24A9E9C9005A87EA /* Common */,
				5934E13324A8E70000C95D2C /* MusicPlayer */,
				5934E14D24A8E73200C95D2C /* MusicPlayerForMac */,
				5934E13224A8E70000C95D2C /* Products */,
			);
			sourceTree = "<group>";
		};
		5934E13224A8E70000C95D2C /* Products */ = {
			isa = PBXGroup;
			children = (
				5934E13124A8E70000C95D2C /* MusicPlayer.app */,
				5934E14C24A8E73200C95D2C /* MusicPlayerForMac.app */,
			);
			name = Products;
			sourceTree = "<group>";
		};
		5934E13324A8E70000C95D2C /* MusicPlayer */ = {
			isa = PBXGroup;
			children = (
				E18D769524A9EF36005A87EA /* UI */,
				5934E13424A8E70000C95D2C /* AppDelegate.swift */,
				5934E13624A8E70000C95D2C /* SceneDelegate.swift */,
				5934E13824A8E70000C95D2C /* ContentView.swift */,
				5934E13A24A8E70200C95D2C /* Assets.xcassets */,
				5934E13F24A8E70200C95D2C /* LaunchScreen.storyboard */,
				5934E14224A8E70200C95D2C /* Info.plist */,
				5934E13C24A8E70200C95D2C /* Preview Content */,
			);
			path = MusicPlayer;
			sourceTree = "<group>";
		};
		5934E13C24A8E70200C95D2C /* Preview Content */ = {
			isa = PBXGroup;
			children = (
				5934E13D24A8E70200C95D2C /* Preview Assets.xcassets */,
			);
			path = "Preview Content";
			sourceTree = "<group>";
		};
		5934E14D24A8E73200C95D2C /* MusicPlayerForMac */ = {
			isa = PBXGroup;
			children = (
				5934E14E24A8E73200C95D2C /* AppDelegate.swift */,
				5934E15024A8E73200C95D2C /* ContentView.swift */,
				5934E15224A8E73200C95D2C /* Assets.xcassets */,
				5934E15724A8E73200C95D2C /* Main.storyboard */,
				5934E15A24A8E73200C95D2C /* Info.plist */,
				5934E15B24A8E73200C95D2C /* MusicPlayerForMac.entitlements */,
				5934E15424A8E73200C95D2C /* Preview Content */,
			);
			path = MusicPlayerForMac;
			sourceTree = "<group>";
		};
		5934E15424A8E73200C95D2C /* Preview Content */ = {
			isa = PBXGroup;
			children = (
				5934E15524A8E73200C95D2C /* Preview Assets.xcassets */,
			);
			path = "Preview Content";
			sourceTree = "<group>";
		};
		E18D768E24A9E9C9005A87EA /* Common */ = {
			isa = PBXGroup;
			children = (
				E1D222FC24AC8F0E004DB041 /* Model */,
				E18D769824A9EFA7005A87EA /* UI */,
				E18D769324A9EE9F005A87EA /* Accessor */,
				E18D769424A9EEC8005A87EA /* Services */,
				E18D768F24A9EB15005A87EA /* Resources */,
			);
			path = Common;
			sourceTree = "<group>";
		};
		E18D768F24A9EB15005A87EA /* Resources */ = {
			isa = PBXGroup;
			children = (
			);
			path = Resources;
			sourceTree = "<group>";
		};
		E18D769324A9EE9F005A87EA /* Accessor */ = {
			isa = PBXGroup;
			children = (
				E1D222F324AC8337004DB041 /* Local */,
				E1D222F224AC831B004DB041 /* Remote */,
			);
			path = Accessor;
			sourceTree = "<group>";
		};
		E18D769424A9EEC8005A87EA /* Services */ = {
			isa = PBXGroup;
			children = (
				E18D769F24AC4288005A87EA /* Netwoking */,
			);
			path = Services;
			sourceTree = "<group>";
		};
		E18D769524A9EF36005A87EA /* UI */ = {
			isa = PBXGroup;
			children = (
				E18D769724A9EF83005A87EA /* Components */,
				E18D769624A9EF6F005A87EA /* Screens */,
			);
			path = UI;
			sourceTree = "<group>";
		};
		E18D769624A9EF6F005A87EA /* Screens */ = {
			isa = PBXGroup;
			children = (
			);
			path = Screens;
			sourceTree = "<group>";
		};
		E18D769724A9EF83005A87EA /* Components */ = {
			isa = PBXGroup;
			children = (
			);
			path = Components;
			sourceTree = "<group>";
		};
		E18D769824A9EFA7005A87EA /* UI */ = {
			isa = PBXGroup;
			children = (
			);
			path = UI;
			sourceTree = "<group>";
		};
		E18D769F24AC4288005A87EA /* Netwoking */ = {
			isa = PBXGroup;
			children = (
				E18D769924AB2271005A87EA /* NetwokingService.swift */,
				E18D76A324AC43EA005A87EA /* NetwokingError.swift */,
				E18D769C24AC4269005A87EA /* APIService.swift */,
			);
			path = Netwoking;
			sourceTree = "<group>";
		};
		E1D222F224AC831B004DB041 /* Remote */ = {
			isa = PBXGroup;
			children = (
				E1D222F924AC8EA7004DB041 /* AccountRemoteAccessor.swift */,
				E1D2230024AC8FAD004DB041 /* AccountAPI.swift */,
			);
			path = Remote;
			sourceTree = "<group>";
		};
		E1D222F324AC8337004DB041 /* Local */ = {
			isa = PBXGroup;
			children = (
			);
			path = Local;
			sourceTree = "<group>";
		};
		E1D222FC24AC8F0E004DB041 /* Model */ = {
			isa = PBXGroup;
			children = (
				E1D222FD24AC8F22004DB041 /* Account.swift */,
			);
			path = Model;
			sourceTree = "<group>";
		};
/* End PBXGroup section */

/* Begin PBXNativeTarget section */
		5934E13024A8E70000C95D2C /* MusicPlayer */ = {
			isa = PBXNativeTarget;
			buildConfigurationList = 5934E14524A8E70200C95D2C /* Build configuration list for PBXNativeTarget "MusicPlayer" */;
			buildPhases = (
				5934E12D24A8E70000C95D2C /* Sources */,
				5934E12E24A8E70000C95D2C /* Frameworks */,
				5934E12F24A8E70000C95D2C /* Resources */,
			);
			buildRules = (
			);
			dependencies = (
			);
			name = MusicPlayer;
			productName = MusicPlayer;
			productReference = 5934E13124A8E70000C95D2C /* MusicPlayer.app */;
			productType = "com.apple.product-type.application";
		};
		5934E14B24A8E73200C95D2C /* MusicPlayerForMac */ = {
			isa = PBXNativeTarget;
			buildConfigurationList = 5934E15C24A8E73200C95D2C /* Build configuration list for PBXNativeTarget "MusicPlayerForMac" */;
			buildPhases = (
				5934E14824A8E73200C95D2C /* Sources */,
				5934E14924A8E73200C95D2C /* Frameworks */,
				5934E14A24A8E73200C95D2C /* Resources */,
			);
			buildRules = (
			);
			dependencies = (
			);
			name = MusicPlayerForMac;
			productName = MusicPlayerForMac;
			productReference = 5934E14C24A8E73200C95D2C /* MusicPlayerForMac.app */;
			productType = "com.apple.product-type.application";
		};
/* End PBXNativeTarget section */

/* Begin PBXProject section */
		5934E12924A8E70000C95D2C /* Project object */ = {
			isa = PBXProject;
			attributes = {
				LastSwiftUpdateCheck = 1150;
				LastUpgradeCheck = 1150;
				ORGANIZATIONNAME = "yunhui wu";
				TargetAttributes = {
					5934E13024A8E70000C95D2C = {
						CreatedOnToolsVersion = 11.5;
					};
					5934E14B24A8E73200C95D2C = {
						CreatedOnToolsVersion = 11.5;
					};
				};
			};
			buildConfigurationList = 5934E12C24A8E70000C95D2C /* Build configuration list for PBXProject "MusicPlayer" */;
			compatibilityVersion = "Xcode 9.3";
			developmentRegion = en;
			hasScannedForEncodings = 0;
			knownRegions = (
				en,
				Base,
			);
			mainGroup = 5934E12824A8E70000C95D2C;
			productRefGroup = 5934E13224A8E70000C95D2C /* Products */;
			projectDirPath = "";
			projectRoot = "";
			targets = (
				5934E13024A8E70000C95D2C /* MusicPlayer */,
				5934E14B24A8E73200C95D2C /* MusicPlayerForMac */,
			);
		};
/* End PBXProject section */

/* Begin PBXResourcesBuildPhase section */
		5934E12F24A8E70000C95D2C /* Resources */ = {
			isa = PBXResourcesBuildPhase;
			buildActionMask = 2147483647;
			files = (
				5934E14124A8E70200C95D2C /* LaunchScreen.storyboard in Resources */,
				5934E13E24A8E70200C95D2C /* Preview Assets.xcassets in Resources */,
				5934E13B24A8E70200C95D2C /* Assets.xcassets in Resources */,
			);
			runOnlyForDeploymentPostprocessing = 0;
		};
		5934E14A24A8E73200C95D2C /* Resources */ = {
			isa = PBXResourcesBuildPhase;
			buildActionMask = 2147483647;
			files = (
				5934E15924A8E73200C95D2C /* Main.storyboard in Resources */,
				5934E15624A8E73200C95D2C /* Preview Assets.xcassets in Resources */,
				5934E15324A8E73200C95D2C /* Assets.xcassets in Resources */,
			);
			runOnlyForDeploymentPostprocessing = 0;
		};
/* End PBXResourcesBuildPhase section */

/* Begin PBXSourcesBuildPhase section */
		5934E12D24A8E70000C95D2C /* Sources */ = {
			isa = PBXSourcesBuildPhase;
			buildActionMask = 2147483647;
			files = (
				E18D769A24AB2271005A87EA /* NetwokingService.swift in Sources */,
				E18D769D24AC4269005A87EA /* APIService.swift in Sources */,
				E1D222FA24AC8EA7004DB041 /* AccountRemoteAccessor.swift in Sources */,
				E1D2230124AC8FAD004DB041 /* AccountAPI.swift in Sources */,
				E18D76A424AC43EA005A87EA /* NetwokingError.swift in Sources */,
				E1D222FE24AC8F22004DB041 /* Account.swift in Sources */,
				5934E13524A8E70000C95D2C /* AppDelegate.swift in Sources */,
				5934E13724A8E70000C95D2C /* SceneDelegate.swift in Sources */,
				5934E13924A8E70000C95D2C /* ContentView.swift in Sources */,
			);
			runOnlyForDeploymentPostprocessing = 0;
		};
		5934E14824A8E73200C95D2C /* Sources */ = {
			isa = PBXSourcesBuildPhase;
			buildActionMask = 2147483647;
			files = (
				5934E15124A8E73200C95D2C /* ContentView.swift in Sources */,
				E18D769B24AB2271005A87EA /* NetwokingService.swift in Sources */,
				E18D769E24AC4269005A87EA /* APIService.swift in Sources */,
				E1D2230224AC8FAD004DB041 /* AccountAPI.swift in Sources */,
				5934E14F24A8E73200C95D2C /* AppDelegate.swift in Sources */,
				E1D222FB24AC8EA7004DB041 /* AccountRemoteAccessor.swift in Sources */,
				E1D222FF24AC8F22004DB041 /* Account.swift in Sources */,
				E18D76A524AC43EA005A87EA /* NetwokingError.swift in Sources */,
			);
			runOnlyForDeploymentPostprocessing = 0;
		};
/* End PBXSourcesBuildPhase section */

/* Begin PBXVariantGroup section */
		5934E13F24A8E70200C95D2C /* LaunchScreen.storyboard */ = {
			isa = PBXVariantGroup;
			children = (
				5934E14024A8E70200C95D2C /* Base */,
			);
			name = LaunchScreen.storyboard;
			sourceTree = "<group>";
		};
		5934E15724A8E73200C95D2C /* Main.storyboard */ = {
			isa = PBXVariantGroup;
			children = (
				5934E15824A8E73200C95D2C /* Base */,
			);
			name = Main.storyboard;
			sourceTree = "<group>";
		};
/* End PBXVariantGroup section */

/* Begin XCBuildConfiguration section */
		5934E14324A8E70200C95D2C /* Debug */ = {
			isa = XCBuildConfiguration;
			buildSettings = {
				ALWAYS_SEARCH_USER_PATHS = NO;
				CLANG_ANALYZER_NONNULL = YES;
				CLANG_ANALYZER_NUMBER_OBJECT_CONVERSION = YES_AGGRESSIVE;
				CLANG_CXX_LANGUAGE_STANDARD = "gnu++14";
				CLANG_CXX_LIBRARY = "libc++";
				CLANG_ENABLE_MODULES = YES;
				CLANG_ENABLE_OBJC_ARC = YES;
				CLANG_ENABLE_OBJC_WEAK = YES;
				CLANG_WARN_BLOCK_CAPTURE_AUTORELEASING = YES;
				CLANG_WARN_BOOL_CONVERSION = YES;
				CLANG_WARN_COMMA = YES;
				CLANG_WARN_CONSTANT_CONVERSION = YES;
				CLANG_WARN_DEPRECATED_OBJC_IMPLEMENTATIONS = YES;
				CLANG_WARN_DIRECT_OBJC_ISA_USAGE = YES_ERROR;
				CLANG_WARN_DOCUMENTATION_COMMENTS = YES;
				CLANG_WARN_EMPTY_BODY = YES;
				CLANG_WARN_ENUM_CONVERSION = YES;
				CLANG_WARN_INFINITE_RECURSION = YES;
				CLANG_WARN_INT_CONVERSION = YES;
				CLANG_WARN_NON_LITERAL_NULL_CONVERSION = YES;
				CLANG_WARN_OBJC_IMPLICIT_RETAIN_SELF = YES;
				CLANG_WARN_OBJC_LITERAL_CONVERSION = YES;
				CLANG_WARN_OBJC_ROOT_CLASS = YES_ERROR;
				CLANG_WARN_RANGE_LOOP_ANALYSIS = YES;
				CLANG_WARN_STRICT_PROTOTYPES = YES;
				CLANG_WARN_SUSPICIOUS_MOVE = YES;
				CLANG_WARN_UNGUARDED_AVAILABILITY = YES_AGGRESSIVE;
				CLANG_WARN_UNREACHABLE_CODE = YES;
				CLANG_WARN__DUPLICATE_METHOD_MATCH = YES;
				COPY_PHASE_STRIP = NO;
				DEBUG_INFORMATION_FORMAT = dwarf;
				ENABLE_STRICT_OBJC_MSGSEND = YES;
				ENABLE_TESTABILITY = YES;
				GCC_C_LANGUAGE_STANDARD = gnu11;
				GCC_DYNAMIC_NO_PIC = NO;
				GCC_NO_COMMON_BLOCKS = YES;
				GCC_OPTIMIZATION_LEVEL = 0;
				GCC_PREPROCESSOR_DEFINITIONS = (
					"DEBUG=1",
					"$(inherited)",
				);
				GCC_WARN_64_TO_32_BIT_CONVERSION = YES;
				GCC_WARN_ABOUT_RETURN_TYPE = YES_ERROR;
				GCC_WARN_UNDECLARED_SELECTOR = YES;
				GCC_WARN_UNINITIALIZED_AUTOS = YES_AGGRESSIVE;
				GCC_WARN_UNUSED_FUNCTION = YES;
				GCC_WARN_UNUSED_VARIABLE = YES;
				IPHONEOS_DEPLOYMENT_TARGET = 13.5;
				MTL_ENABLE_DEBUG_INFO = INCLUDE_SOURCE;
				MTL_FAST_MATH = YES;
				ONLY_ACTIVE_ARCH = YES;
				SDKROOT = iphoneos;
				SWIFT_ACTIVE_COMPILATION_CONDITIONS = DEBUG;
				SWIFT_OPTIMIZATION_LEVEL = "-Onone";
			};
			name = Debug;
		};
		5934E14424A8E70200C95D2C /* Release */ = {
			isa = XCBuildConfiguration;
			buildSettings = {
				ALWAYS_SEARCH_USER_PATHS = NO;
				CLANG_ANALYZER_NONNULL = YES;
				CLANG_ANALYZER_NUMBER_OBJECT_CONVERSION = YES_AGGRESSIVE;
				CLANG_CXX_LANGUAGE_STANDARD = "gnu++14";
				CLANG_CXX_LIBRARY = "libc++";
				CLANG_ENABLE_MODULES = YES;
				CLANG_ENABLE_OBJC_ARC = YES;
				CLANG_ENABLE_OBJC_WEAK = YES;
				CLANG_WARN_BLOCK_CAPTURE_AUTORELEASING = YES;
				CLANG_WARN_BOOL_CONVERSION = YES;
				CLANG_WARN_COMMA = YES;
				CLANG_WARN_CONSTANT_CONVERSION = YES;
				CLANG_WARN_DEPRECATED_OBJC_IMPLEMENTATIONS = YES;
				CLANG_WARN_DIRECT_OBJC_ISA_USAGE = YES_ERROR;
				CLANG_WARN_DOCUMENTATION_COMMENTS = YES;
				CLANG_WARN_EMPTY_BODY = YES;
				CLANG_WARN_ENUM_CONVERSION = YES;
				CLANG_WARN_INFINITE_RECURSION = YES;
				CLANG_WARN_INT_CONVERSION = YES;
				CLANG_WARN_NON_LITERAL_NULL_CONVERSION = YES;
				CLANG_WARN_OBJC_IMPLICIT_RETAIN_SELF = YES;
				CLANG_WARN_OBJC_LITERAL_CONVERSION = YES;
				CLANG_WARN_OBJC_ROOT_CLASS = YES_ERROR;
				CLANG_WARN_RANGE_LOOP_ANALYSIS = YES;
				CLANG_WARN_STRICT_PROTOTYPES = YES;
				CLANG_WARN_SUSPICIOUS_MOVE = YES;
				CLANG_WARN_UNGUARDED_AVAILABILITY = YES_AGGRESSIVE;
				CLANG_WARN_UNREACHABLE_CODE = YES;
				CLANG_WARN__DUPLICATE_METHOD_MATCH = YES;
				COPY_PHASE_STRIP = NO;
				DEBUG_INFORMATION_FORMAT = "dwarf-with-dsym";
				ENABLE_NS_ASSERTIONS = NO;
				ENABLE_STRICT_OBJC_MSGSEND = YES;
				GCC_C_LANGUAGE_STANDARD = gnu11;
				GCC_NO_COMMON_BLOCKS = YES;
				GCC_WARN_64_TO_32_BIT_CONVERSION = YES;
				GCC_WARN_ABOUT_RETURN_TYPE = YES_ERROR;
				GCC_WARN_UNDECLARED_SELECTOR = YES;
				GCC_WARN_UNINITIALIZED_AUTOS = YES_AGGRESSIVE;
				GCC_WARN_UNUSED_FUNCTION = YES;
				GCC_WARN_UNUSED_VARIABLE = YES;
				IPHONEOS_DEPLOYMENT_TARGET = 13.5;
				MTL_ENABLE_DEBUG_INFO = NO;
				MTL_FAST_MATH = YES;
				SDKROOT = iphoneos;
				SWIFT_COMPILATION_MODE = wholemodule;
				SWIFT_OPTIMIZATION_LEVEL = "-O";
				VALIDATE_PRODUCT = YES;
			};
			name = Release;
		};
		5934E14624A8E70200C95D2C /* Debug */ = {
			isa = XCBuildConfiguration;
			buildSettings = {
				ASSETCATALOG_COMPILER_APPICON_NAME = AppIcon;
				CODE_SIGN_STYLE = Automatic;
				DEVELOPMENT_ASSET_PATHS = "\"MusicPlayer/Preview Content\"";
				DEVELOPMENT_TEAM = 5TQJHMS252;
				ENABLE_PREVIEWS = YES;
				INFOPLIST_FILE = MusicPlayer/Info.plist;
				LD_RUNPATH_SEARCH_PATHS = (
					"$(inherited)",
					"@executable_path/Frameworks",
				);
				PRODUCT_BUNDLE_IDENTIFIER = com.yunhuiwu.viper.MusicPlayer;
				PRODUCT_NAME = "$(TARGET_NAME)";
				SWIFT_VERSION = 5.0;
				TARGETED_DEVICE_FAMILY = "1,2";
			};
			name = Debug;
		};
		5934E14724A8E70200C95D2C /* Release */ = {
			isa = XCBuildConfiguration;
			buildSettings = {
				ASSETCATALOG_COMPILER_APPICON_NAME = AppIcon;
				CODE_SIGN_STYLE = Automatic;
				DEVELOPMENT_ASSET_PATHS = "\"MusicPlayer/Preview Content\"";
				DEVELOPMENT_TEAM = 5TQJHMS252;
				ENABLE_PREVIEWS = YES;
				INFOPLIST_FILE = MusicPlayer/Info.plist;
				LD_RUNPATH_SEARCH_PATHS = (
					"$(inherited)",
					"@executable_path/Frameworks",
				);
				PRODUCT_BUNDLE_IDENTIFIER = com.yunhuiwu.viper.MusicPlayer;
				PRODUCT_NAME = "$(TARGET_NAME)";
				SWIFT_VERSION = 5.0;
				TARGETED_DEVICE_FAMILY = "1,2";
			};
			name = Release;
		};
		5934E15D24A8E73200C95D2C /* Debug */ = {
			isa = XCBuildConfiguration;
			buildSettings = {
				ASSETCATALOG_COMPILER_APPICON_NAME = AppIcon;
				CODE_SIGN_ENTITLEMENTS = MusicPlayerForMac/MusicPlayerForMac.entitlements;
				CODE_SIGN_STYLE = Automatic;
				COMBINE_HIDPI_IMAGES = YES;
				DEVELOPMENT_ASSET_PATHS = "\"MusicPlayerForMac/Preview Content\"";
				DEVELOPMENT_TEAM = 5TQJHMS252;
				ENABLE_HARDENED_RUNTIME = YES;
				ENABLE_PREVIEWS = YES;
				INFOPLIST_FILE = MusicPlayerForMac/Info.plist;
				LD_RUNPATH_SEARCH_PATHS = (
					"$(inherited)",
					"@executable_path/../Frameworks",
				);
				MACOSX_DEPLOYMENT_TARGET = 10.15;
				PRODUCT_BUNDLE_IDENTIFIER = com.yunhuiwu.viper.MusicPlayerForMac;
				PRODUCT_NAME = "$(TARGET_NAME)";
				SDKROOT = macosx;
				SWIFT_VERSION = 5.0;
			};
			name = Debug;
		};
		5934E15E24A8E73200C95D2C /* Release */ = {
			isa = XCBuildConfiguration;
			buildSettings = {
				ASSETCATALOG_COMPILER_APPICON_NAME = AppIcon;
				CODE_SIGN_ENTITLEMENTS = MusicPlayerForMac/MusicPlayerForMac.entitlements;
				CODE_SIGN_STYLE = Automatic;
				COMBINE_HIDPI_IMAGES = YES;
				DEVELOPMENT_ASSET_PATHS = "\"MusicPlayerForMac/Preview Content\"";
				DEVELOPMENT_TEAM = 5TQJHMS252;
				ENABLE_HARDENED_RUNTIME = YES;
				ENABLE_PREVIEWS = YES;
				INFOPLIST_FILE = MusicPlayerForMac/Info.plist;
				LD_RUNPATH_SEARCH_PATHS = (
					"$(inherited)",
					"@executable_path/../Frameworks",
				);
				MACOSX_DEPLOYMENT_TARGET = 10.15;
				PRODUCT_BUNDLE_IDENTIFIER = com.yunhuiwu.viper.MusicPlayerForMac;
				PRODUCT_NAME = "$(TARGET_NAME)";
				SDKROOT = macosx;
				SWIFT_VERSION = 5.0;
			};
			name = Release;
		};
/* End XCBuildConfiguration section */

/* Begin XCConfigurationList section */
		5934E12C24A8E70000C95D2C /* Build configuration list for PBXProject "MusicPlayer" */ = {
			isa = XCConfigurationList;
			buildConfigurations = (
				5934E14324A8E70200C95D2C /* Debug */,
				5934E14424A8E70200C95D2C /* Release */,
			);
			defaultConfigurationIsVisible = 0;
			defaultConfigurationName = Release;
		};
		5934E14524A8E70200C95D2C /* Build configuration list for PBXNativeTarget "MusicPlayer" */ = {
			isa = XCConfigurationList;
			buildConfigurations = (
				5934E14624A8E70200C95D2C /* Debug */,
				5934E14724A8E70200C95D2C /* Release */,
			);
			defaultConfigurationIsVisible = 0;
			defaultConfigurationName = Release;
		};
		5934E15C24A8E73200C95D2C /* Build configuration list for PBXNativeTarget "MusicPlayerForMac" */ = {
			isa = XCConfigurationList;
			buildConfigurations = (
				5934E15D24A8E73200C95D2C /* Debug */,
				5934E15E24A8E73200C95D2C /* Release */,
			);
			defaultConfigurationIsVisible = 0;
			defaultConfigurationName = Release;
		};
/* End XCConfigurationList section */
	};
	rootObject = 5934E12924A8E70000C95D2C /* Project object */;
}
