// !$*UTF8*$!
{
	archiveVersion = 1;
	classes = {
	};
	objectVersion = 50;
	objects = {

/* Begin PBXBuildFile section */
		5934E0D824A8A82A00C95D2C /* AppDelegate.swift in Sources */ = {isa = PBXBuildFile; fileRef = 5934E0D724A8A82A00C95D2C /* AppDelegate.swift */; };
		5934E0DA24A8A82A00C95D2C /* ContentView.swift in Sources */ = {isa = PBXBuildFile; fileRef = 5934E0D924A8A82A00C95D2C /* ContentView.swift */; };
		5934E0DC24A8A82C00C95D2C /* Assets.xcassets in Resources */ = {isa = PBXBuildFile; fileRef = 5934E0DB24A8A82C00C95D2C /* Assets.xcassets */; };
		5934E0DF24A8A82C00C95D2C /* Preview Assets.xcassets in Resources */ = {isa = PBXBuildFile; fileRef = 5934E0DE24A8A82C00C95D2C /* Preview Assets.xcassets */; };
		5934E0E224A8A82C00C95D2C /* Main.storyboard in Resources */ = {isa = PBXBuildFile; fileRef = 5934E0E024A8A82C00C95D2C /* Main.storyboard */; };
/* End PBXBuildFile section */

/* Begin PBXFileReference section */
		5934E0D424A8A82A00C95D2C /* MusicPlayerForMacOS.app */ = {isa = PBXFileReference; explicitFileType = wrapper.application; includeInIndex = 0; path = MusicPlayerForMacOS.app; sourceTree = BUILT_PRODUCTS_DIR; };
		5934E0D724A8A82A00C95D2C /* AppDelegate.swift */ = {isa = PBXFileReference; lastKnownFileType = sourcecode.swift; path = AppDelegate.swift; sourceTree = "<group>"; };
		5934E0D924A8A82A00C95D2C /* ContentView.swift */ = {isa = PBXFileReference; lastKnownFileType = sourcecode.swift; path = ContentView.swift; sourceTree = "<group>"; };
		5934E0DB24A8A82C00C95D2C /* Assets.xcassets */ = {isa = PBXFileReference; lastKnownFileType = folder.assetcatalog; path = Assets.xcassets; sourceTree = "<group>"; };
		5934E0DE24A8A82C00C95D2C /* Preview Assets.xcassets */ = {isa = PBXFileReference; lastKnownFileType = folder.assetcatalog; path = "Preview Assets.xcassets"; sourceTree = "<group>"; };
		5934E0E124A8A82C00C95D2C /* Base */ = {isa = PBXFileReference; lastKnownFileType = file.storyboard; name = Base; path = Base.lproj/Main.storyboard; sourceTree = "<group>"; };
		5934E0E324A8A82C00C95D2C /* Info.plist */ = {isa = PBXFileReference; lastKnownFileType = text.plist.xml; path = Info.plist; sourceTree = "<group>"; };
		5934E0E424A8A82C00C95D2C /* MusicPlayerForMacOS.entitlements */ = {isa = PBXFileReference; lastKnownFileType = text.plist.entitlements; path = MusicPlayerForMacOS.entitlements; sourceTree = "<group>"; };
/* End PBXFileReference section */

/* Begin PBXFrameworksBuildPhase section */
		5934E0D124A8A82A00C95D2C /* Frameworks */ = {
			isa = PBXFrameworksBuildPhase;
			buildActionMask = 2147483647;
			files = (
			);
			runOnlyForDeploymentPostprocessing = 0;
		};
/* End PBXFrameworksBuildPhase section */

/* Begin PBXGroup section */
		5934E0CB24A8A82A00C95D2C = {
			isa = PBXGroup;
			children = (
				5934E0D624A8A82A00C95D2C /* MusicPlayerForMacOS */,
				5934E0D524A8A82A00C95D2C /* Products */,
			);
			sourceTree = "<group>";
		};
		5934E0D524A8A82A00C95D2C /* Products */ = {
			isa = PBXGroup;
			children = (
				5934E0D424A8A82A00C95D2C /* MusicPlayerForMacOS.app */,
			);
			name = Products;
			sourceTree = "<group>";
		};
		5934E0D624A8A82A00C95D2C /* MusicPlayerForMacOS */ = {
			isa = PBXGroup;
			children = (
				5934E0D724A8A82A00C95D2C /* AppDelegate.swift */,
				5934E0D924A8A82A00C95D2C /* ContentView.swift */,
				5934E0DB24A8A82C00C95D2C /* Assets.xcassets */,
				5934E0E024A8A82C00C95D2C /* Main.storyboard */,
				5934E0E324A8A82C00C95D2C /* Info.plist */,
				5934E0E424A8A82C00C95D2C /* MusicPlayerForMacOS.entitlements */,
				5934E0DD24A8A82C00C95D2C /* Preview Content */,
			);
			path = MusicPlayerForMacOS;
			sourceTree = "<group>";
		};
		5934E0DD24A8A82C00C95D2C /* Preview Content */ = {
			isa = PBXGroup;
			children = (
				5934E0DE24A8A82C00C95D2C /* Preview Assets.xcassets */,
			);
			path = "Preview Content";
			sourceTree = "<group>";
		};
/* End PBXGroup section */

/* Begin PBXNativeTarget section */
		5934E0D324A8A82A00C95D2C /* MusicPlayerForMacOS */ = {
			isa = PBXNativeTarget;
			buildConfigurationList = 5934E0E724A8A82C00C95D2C /* Build configuration list for PBXNativeTarget "MusicPlayerForMacOS" */;
			buildPhases = (
				5934E0D024A8A82A00C95D2C /* Sources */,
				5934E0D124A8A82A00C95D2C /* Frameworks */,
				5934E0D224A8A82A00C95D2C /* Resources */,
			);
			buildRules = (
			);
			dependencies = (
			);
			name = MusicPlayerForMacOS;
			productName = MusicPlayerForMacOS;
			productReference = 5934E0D424A8A82A00C95D2C /* MusicPlayerForMacOS.app */;
			productType = "com.apple.product-type.application";
		};
/* End PBXNativeTarget section */

/* Begin PBXProject section */
		5934E0CC24A8A82A00C95D2C /* Project object */ = {
			isa = PBXProject;
			attributes = {
				LastSwiftUpdateCheck = 1150;
				LastUpgradeCheck = 1150;
				ORGANIZATIONNAME = "yunhui wu";
				TargetAttributes = {
					5934E0D324A8A82A00C95D2C = {
						CreatedOnToolsVersion = 11.5;
					};
				};
			};
			buildConfigurationList = 5934E0CF24A8A82A00C95D2C /* Build configuration list for PBXProject "MusicPlayerForMacOS" */;
			compatibilityVersion = "Xcode 9.3";
			developmentRegion = en;
			hasScannedForEncodings = 0;
			knownRegions = (
				en,
				Base,
			);
			mainGroup = 5934E0CB24A8A82A00C95D2C;
			productRefGroup = 5934E0D524A8A82A00C95D2C /* Products */;
			projectDirPath = "";
			projectRoot = "";
			targets = (
				5934E0D324A8A82A00C95D2C /* MusicPlayerForMacOS */,
			);
		};
/* End PBXProject section */

/* Begin PBXResourcesBuildPhase section */
		5934E0D224A8A82A00C95D2C /* Resources */ = {
			isa = PBXResourcesBuildPhase;
			buildActionMask = 2147483647;
			files = (
				5934E0E224A8A82C00C95D2C /* Main.storyboard in Resources */,
				5934E0DF24A8A82C00C95D2C /* Preview Assets.xcassets in Resources */,
				5934E0DC24A8A82C00C95D2C /* Assets.xcassets in Resources */,
			);
			runOnlyForDeploymentPostprocessing = 0;
		};
/* End PBXResourcesBuildPhase section */

/* Begin PBXSourcesBuildPhase section */
		5934E0D024A8A82A00C95D2C /* Sources */ = {
			isa = PBXSourcesBuildPhase;
			buildActionMask = 2147483647;
			files = (
				5934E0DA24A8A82A00C95D2C /* ContentView.swift in Sources */,
				5934E0D824A8A82A00C95D2C /* AppDelegate.swift in Sources */,
			);
			runOnlyForDeploymentPostprocessing = 0;
		};
/* End PBXSourcesBuildPhase section */

/* Begin PBXVariantGroup section */
		5934E0E024A8A82C00C95D2C /* Main.storyboard */ = {
			isa = PBXVariantGroup;
			children = (
				5934E0E124A8A82C00C95D2C /* Base */,
			);
			name = Main.storyboard;
			sourceTree = "<group>";
		};
/* End PBXVariantGroup section */

/* Begin XCBuildConfiguration section */
		5934E0E524A8A82C00C95D2C /* Debug */ = {
			isa = XCBuildConfiguration;
			buildSettings = {
				ALWAYS_SEARCH_USER_PATHS = NO;
				CLANG_ANALYZER_NONNULL = YES;
				CLANG_ANALYZER_NUMBER_OBJECT_CONVERSION = YES_AGGRESSIVE;
				CLANG_CXX_LANGUAGE_STANDARD = "gnu++14";
				CLANG_CXX_LIBRARY = "libc++";
				CLANG_ENABLE_MODULES = YES;
				CLANG_ENABLE_OBJC_ARC = YES;
				CLANG_ENABLE_OBJC_WEAK = YES;
				CLANG_WARN_BLOCK_CAPTURE_AUTORELEASING = YES;
				CLANG_WARN_BOOL_CONVERSION = YES;
				CLANG_WARN_COMMA = YES;
				CLANG_WARN_CONSTANT_CONVERSION = YES;
				CLANG_WARN_DEPRECATED_OBJC_IMPLEMENTATIONS = YES;
				CLANG_WARN_DIRECT_OBJC_ISA_USAGE = YES_ERROR;
				CLANG_WARN_DOCUMENTATION_COMMENTS = YES;
				CLANG_WARN_EMPTY_BODY = YES;
				CLANG_WARN_ENUM_CONVERSION = YES;
				CLANG_WARN_INFINITE_RECURSION = YES;
				CLANG_WARN_INT_CONVERSION = YES;
				CLANG_WARN_NON_LITERAL_NULL_CONVERSION = YES;
				CLANG_WARN_OBJC_IMPLICIT_RETAIN_SELF = YES;
				CLANG_WARN_OBJC_LITERAL_CONVERSION = YES;
				CLANG_WARN_OBJC_ROOT_CLASS = YES_ERROR;
				CLANG_WARN_RANGE_LOOP_ANALYSIS = YES;
				CLANG_WARN_STRICT_PROTOTYPES = YES;
				CLANG_WARN_SUSPICIOUS_MOVE = YES;
				CLANG_WARN_UNGUARDED_AVAILABILITY = YES_AGGRESSIVE;
				CLANG_WARN_UNREACHABLE_CODE = YES;
				CLANG_WARN__DUPLICATE_METHOD_MATCH = YES;
				COPY_PHASE_STRIP = NO;
				DEBUG_INFORMATION_FORMAT = dwarf;
				ENABLE_STRICT_OBJC_MSGSEND = YES;
				ENABLE_TESTABILITY = YES;
				GCC_C_LANGUAGE_STANDARD = gnu11;
				GCC_DYNAMIC_NO_PIC = NO;
				GCC_NO_COMMON_BLOCKS = YES;
				GCC_OPTIMIZATION_LEVEL = 0;
				GCC_PREPROCESSOR_DEFINITIONS = (
					"DEBUG=1",
					"$(inherited)",
				);
				GCC_WARN_64_TO_32_BIT_CONVERSION = YES;
				GCC_WARN_ABOUT_RETURN_TYPE = YES_ERROR;
				GCC_WARN_UNDECLARED_SELECTOR = YES;
				GCC_WARN_UNINITIALIZED_AUTOS = YES_AGGRESSIVE;
				GCC_WARN_UNUSED_FUNCTION = YES;
				GCC_WARN_UNUSED_VARIABLE = YES;
				MACOSX_DEPLOYMENT_TARGET = 10.15;
				MTL_ENABLE_DEBUG_INFO = INCLUDE_SOURCE;
				MTL_FAST_MATH = YES;
				ONLY_ACTIVE_ARCH = YES;
				SDKROOT = macosx;
				SWIFT_ACTIVE_COMPILATION_CONDITIONS = DEBUG;
				SWIFT_OPTIMIZATION_LEVEL = "-Onone";
			};
			name = Debug;
		};
		5934E0E624A8A82C00C95D2C /* Release */ = {
			isa = XCBuildConfiguration;
			buildSettings = {
				ALWAYS_SEARCH_USER_PATHS = NO;
				CLANG_ANALYZER_NONNULL = YES;
				CLANG_ANALYZER_NUMBER_OBJECT_CONVERSION = YES_AGGRESSIVE;
				CLANG_CXX_LANGUAGE_STANDARD = "gnu++14";
				CLANG_CXX_LIBRARY = "libc++";
				CLANG_ENABLE_MODULES = YES;
				CLANG_ENABLE_OBJC_ARC = YES;
				CLANG_ENABLE_OBJC_WEAK = YES;
				CLANG_WARN_BLOCK_CAPTURE_AUTORELEASING = YES;
				CLANG_WARN_BOOL_CONVERSION = YES;
				CLANG_WARN_COMMA = YES;
				CLANG_WARN_CONSTANT_CONVERSION = YES;
				CLANG_WARN_DEPRECATED_OBJC_IMPLEMENTATIONS = YES;
				CLANG_WARN_DIRECT_OBJC_ISA_USAGE = YES_ERROR;
				CLANG_WARN_DOCUMENTATION_COMMENTS = YES;
				CLANG_WARN_EMPTY_BODY = YES;
				CLANG_WARN_ENUM_CONVERSION = YES;
				CLANG_WARN_INFINITE_RECURSION = YES;
				CLANG_WARN_INT_CONVERSION = YES;
				CLANG_WARN_NON_LITERAL_NULL_CONVERSION = YES;
				CLANG_WARN_OBJC_IMPLICIT_RETAIN_SELF = YES;
				CLANG_WARN_OBJC_LITERAL_CONVERSION = YES;
				CLANG_WARN_OBJC_ROOT_CLASS = YES_ERROR;
				CLANG_WARN_RANGE_LOOP_ANALYSIS = YES;
				CLANG_WARN_STRICT_PROTOTYPES = YES;
				CLANG_WARN_SUSPICIOUS_MOVE = YES;
				CLANG_WARN_UNGUARDED_AVAILABILITY = YES_AGGRESSIVE;
				CLANG_WARN_UNREACHABLE_CODE = YES;
				CLANG_WARN__DUPLICATE_METHOD_MATCH = YES;
				COPY_PHASE_STRIP = NO;
				DEBUG_INFORMATION_FORMAT = "dwarf-with-dsym";
				ENABLE_NS_ASSERTIONS = NO;
				ENABLE_STRICT_OBJC_MSGSEND = YES;
				GCC_C_LANGUAGE_STANDARD = gnu11;
				GCC_NO_COMMON_BLOCKS = YES;
				GCC_WARN_64_TO_32_BIT_CONVERSION = YES;
				GCC_WARN_ABOUT_RETURN_TYPE = YES_ERROR;
				GCC_WARN_UNDECLARED_SELECTOR = YES;
				GCC_WARN_UNINITIALIZED_AUTOS = YES_AGGRESSIVE;
				GCC_WARN_UNUSED_FUNCTION = YES;
				GCC_WARN_UNUSED_VARIABLE = YES;
				MACOSX_DEPLOYMENT_TARGET = 10.15;
				MTL_ENABLE_DEBUG_INFO = NO;
				MTL_FAST_MATH = YES;
				SDKROOT = macosx;
				SWIFT_COMPILATION_MODE = wholemodule;
				SWIFT_OPTIMIZATION_LEVEL = "-O";
			};
			name = Release;
		};
		5934E0E824A8A82C00C95D2C /* Debug */ = {
			isa = XCBuildConfiguration;
			buildSettings = {
				ASSETCATALOG_COMPILER_APPICON_NAME = AppIcon;
				CODE_SIGN_ENTITLEMENTS = MusicPlayerForMacOS/MusicPlayerForMacOS.entitlements;
				CODE_SIGN_STYLE = Automatic;
				COMBINE_HIDPI_IMAGES = YES;
				DEVELOPMENT_ASSET_PATHS = "\"MusicPlayerForMacOS/Preview Content\"";
				DEVELOPMENT_TEAM = 5TQJHMS252;
				ENABLE_HARDENED_RUNTIME = YES;
				ENABLE_PREVIEWS = YES;
				INFOPLIST_FILE = MusicPlayerForMacOS/Info.plist;
				LD_RUNPATH_SEARCH_PATHS = (
					"$(inherited)",
					"@executable_path/../Frameworks",
				);
				MACOSX_DEPLOYMENT_TARGET = 10.15;
				PRODUCT_BUNDLE_IDENTIFIER = com.yunhuiwu.viper.MusicPlayerForMacOS;
				PRODUCT_NAME = "$(TARGET_NAME)";
				SWIFT_VERSION = 5.0;
			};
			name = Debug;
		};
		5934E0E924A8A82C00C95D2C /* Release */ = {
			isa = XCBuildConfiguration;
			buildSettings = {
				ASSETCATALOG_COMPILER_APPICON_NAME = AppIcon;
				CODE_SIGN_ENTITLEMENTS = MusicPlayerForMacOS/MusicPlayerForMacOS.entitlements;
				CODE_SIGN_STYLE = Automatic;
				COMBINE_HIDPI_IMAGES = YES;
				DEVELOPMENT_ASSET_PATHS = "\"MusicPlayerForMacOS/Preview Content\"";
				DEVELOPMENT_TEAM = 5TQJHMS252;
				ENABLE_HARDENED_RUNTIME = YES;
				ENABLE_PREVIEWS = YES;
				INFOPLIST_FILE = MusicPlayerForMacOS/Info.plist;
				LD_RUNPATH_SEARCH_PATHS = (
					"$(inherited)",
					"@executable_path/../Frameworks",
				);
				MACOSX_DEPLOYMENT_TARGET = 10.15;
				PRODUCT_BUNDLE_IDENTIFIER = com.yunhuiwu.viper.MusicPlayerForMacOS;
				PRODUCT_NAME = "$(TARGET_NAME)";
				SWIFT_VERSION = 5.0;
			};
			name = Release;
		};
/* End XCBuildConfiguration section */

/* Begin XCConfigurationList section */
		5934E0CF24A8A82A00C95D2C /* Build configuration list for PBXProject "MusicPlayerForMacOS" */ = {
			isa = XCConfigurationList;
			buildConfigurations = (
				5934E0E524A8A82C00C95D2C /* Debug */,
				5934E0E624A8A82C00C95D2C /* Release */,
			);
			defaultConfigurationIsVisible = 0;
			defaultConfigurationName = Release;
		};
		5934E0E724A8A82C00C95D2C /* Build configuration list for PBXNativeTarget "MusicPlayerForMacOS" */ = {
			isa = XCConfigurationList;
			buildConfigurations = (
				5934E0E824A8A82C00C95D2C /* Debug */,
				5934E0E924A8A82C00C95D2C /* Release */,
			);
			defaultConfigurationIsVisible = 0;
			defaultConfigurationName = Release;
		};
/* End XCConfigurationList section */
	};
	rootObject = 5934E0CC24A8A82A00C95D2C /* Project object */;
}
